
Microsoft Visual Studio Solution File, Format Version 12.00
# Visual Studio Version 17
VisualStudioVersion = 17.9.34723.18
MinimumVisualStudioVersion = 10.0.40219.1
Project("{FAE04EC0-301F-11D3-BF4B-00C04F79EFBC}") = "ImageCompressor", "ImageCompressor\ImageCompressor.csproj", "{40E77A89-5549-4A2C-AA6B-D536AD4B00B3}"
EndProject
Global
	GlobalSection(SolutionConfigurationPlatforms) = preSolution
		Debug|Any CPU = Debug|Any CPU
		Release|Any CPU = Release|Any CPU
	EndGlobalSection
	GlobalSection(ProjectConfigurationPlatforms) = postSolution
		{40E77A89-5549-4A2C-AA6B-D536AD4B00B3}.Debug|Any CPU.ActiveCfg = Debug|Any CPU
		{40E77A89-5549-4A2C-AA6B-D536AD4B00B3}.Debug|Any CPU.Build.0 = Debug|Any CPU
		{40E77A89-5549-4A2C-AA6B-D536AD4B00B3}.Release|Any CPU.ActiveCfg = Release|Any CPU
		{40E77A89-5549-4A2C-AA6B-D536AD4B00B3}.Release|Any CPU.Build.0 = Release|Any CPU
	EndGlobalSection
	GlobalSection(SolutionProperties) = preSolution
		HideSolutionNode = FALSE
	EndGlobalSection
	GlobalSection(ExtensibilityGlobals) = postSolution
		SolutionGuid = {CE99ABC5-9F70-4027-BBA9-24FE90A9500E}
	EndGlobalSection
EndGlobal
